
Microsoft Visual Studio Solution File, Format Version 10.00
# Visual Studio 2008
Project("{FAE04EC0-301F-11D3-BF4B-00C04F79EFBC}") = "TcpClnApp", "TcpClnApp.csproj", "{93BCDB91-BA12-4406-8D8F-77768E01311A}"
EndProject
Global
	GlobalSection(SolutionConfigurationPlatforms) = preSolution
		Debug|Any CPU = Debug|Any CPU
		Release|Any CPU = Release|Any CPU
	EndGlobalSection
	GlobalSection(ProjectConfigurationPlatforms) = postSolution
		{93BCDB91-BA12-4406-8D8F-77768E01311A}.Debug|Any CPU.ActiveCfg = Debug|Any CPU
		{93BCDB91-BA12-4406-8D8F-77768E01311A}.Debug|Any CPU.Build.0 = Debug|Any CPU
		{93BCDB91-BA12-4406-8D8F-77768E01311A}.Release|Any CPU.ActiveCfg = Release|Any CPU
		{93BCDB91-BA12-4406-8D8F-77768E01311A}.Release|Any CPU.Build.0 = Release|Any CPU
	EndGlobalSection
	GlobalSection(SolutionProperties) = preSolution
		HideSolutionNode = FALSE
	EndGlobalSection
EndGlobal
